{
  "name": "demo",
  "version": "1.0.0",
  "lockfileVersion": 1,
  "requires": true,
  "dependencies": {
    "core-js": {
      "version": "3.6.5",
      "resolved": "https://registry.npmjs.org/core-js/-/core-js-3.6.5.tgz",
      "integrity": "sha512-vZVEEwZoIsI+vPEuoF9Iqf5H7/M3eeQqWlQnYa8FSKKePuYTf5MWnxb5SDAzCa60b3JBRS5g9b+Dq7b1y/RCrA=="
    },
    "vue": {
      "version": "2.6.12",
      "resolved": "https://registry.npmjs.org/vue/-/vue-2.6.12.tgz",
      "integrity": "sha512-uhmLFETqPPNyuLLbsKz6ioJ4q7AZHzD8ZVFNATNyICSZouqP2Sz0rotWQC8UNBF6VGSCs5abnKJoStA6JbCbfg=="
    },
    "vue-chaos": {
      "version": "0.1.1-canary.6",
      "resolved": "https://registry.npmjs.org/vue-chaos/-/vue-chaos-0.1.1-canary.6.tgz",
      "integrity": "sha512-tbn0y6kEjBlxpFNTwqy3+tUsPrSgz6bpg+NVKWscoKs1ceBKZF40tehAxe1OlendiPRAzZpi2UaGAH6C5/iP0w==",
      "requires": {
        "core-js": "^3.6.5",
        "vue": "^2.6.11"
      }
    }
  }
}
